# THIS IS AN AUTOGENERATED FILE. DO NOT EDIT THIS FILE DIRECTLY.
# yarn lockfile v1


"@babel/runtime@^7.0.0", "@babel/runtime@^7.12.13":
  version "7.17.2"
  resolved "https://registry.npmjs.org/@babel/runtime/-/runtime-7.17.2.tgz"
  integrity sha512-hzeyJyMA1YGdJTuWU0e/j4wKXrU4OMFvY2MSlaI9B7VQb0r5cxTE3EAIS2Q7Tn2RIcDkRvTA/v2JsAEhxe99uw==
  dependencies:
    regenerator-runtime "^0.13.4"

"@next/env@12.3.4":
  version "12.3.4"
  resolved "https://registry.npmjs.org/@next/env/-/env-12.3.4.tgz"
  integrity sha512-H/69Lc5Q02dq3o+dxxy5O/oNxFsZpdL6WREtOOtOM1B/weonIwDXkekr1KV5DPVPr12IHFPrMrcJQ6bgPMfn7A==

"@next/swc-win32-x64-msvc@12.3.4":
  version "12.3.4"
  resolved "https://registry.npmjs.org/@next/swc-win32-x64-msvc/-/swc-win32-x64-msvc-12.3.4.tgz"
  integrity sha512-DQ20JEfTBZAgF8QCjYfJhv2/279M6onxFjdG/+5B0Cyj00/EdBxiWb2eGGFgQhrBbNv/lsvzFbbi0Ptf8Vw/bg==

"@reach/alert-dialog@^0.17.0":
  version "0.17.0"
  resolved "https://registry.npmjs.org/@reach/alert-dialog/-/alert-dialog-0.17.0.tgz"
  integrity sha512-qJOp9JE2Jv8ALUhq5yJrrGITk1YCkkDFlqejI19qeAXsuQ/ZIKzeiDYSih+avb+1mfV4HEzB9WoVJWcRTOwjiQ==
  dependencies:
    "@reach/auto-id" "0.17.0"
    "@reach/dialog" "0.17.0"
    "@reach/utils" "0.17.0"
    invariant "^2.2.4"
    prop-types "^15.7.2"
    tslib "^2.3.0"

"@reach/auto-id@0.17.0":
  version "0.17.0"
  resolved "https://registry.npmjs.org/@reach/auto-id/-/auto-id-0.17.0.tgz"
  integrity sha512-ud8iPwF52RVzEmkHq1twuqGuPA+moreumUHdtgvU3sr3/15BNhwp3KyDLrKKSz0LP1r3V4pSdyF9MbYM8BoSjA==
  dependencies:
    "@reach/utils" "0.17.0"
    tslib "^2.3.0"

"@reach/dialog@^0.17.0", "@reach/dialog@0.17.0":
  version "0.17.0"
  resolved "https://registry.npmjs.org/@reach/dialog/-/dialog-0.17.0.tgz"
  integrity sha512-AnfKXugqDTGbeG3c8xDcrQDE4h9b/vnc27Sa118oQSquz52fneUeX9MeFb5ZEiBJK8T5NJpv7QUTBIKnFCAH5A==
  dependencies:
    "@reach/portal" "0.17.0"
    "@reach/utils" "0.17.0"
    prop-types "^15.7.2"
    react-focus-lock "^2.5.2"
    react-remove-scroll "^2.4.3"
    tslib "^2.3.0"

"@reach/portal@0.17.0":
  version "0.17.0"
  resolved "https://registry.npmjs.org/@reach/portal/-/portal-0.17.0.tgz"
  integrity sha512-+IxsgVycOj+WOeNPL2NdgooUdHPSY285wCtj/iWID6akyr4FgGUK7sMhRM9aGFyrGpx2vzr+eggbUmAVZwOz+A==
  dependencies:
    "@reach/utils" "0.17.0"
    tiny-warning "^1.0.3"
    tslib "^2.3.0"

"@reach/utils@0.17.0":
  version "0.17.0"
  resolved "https://registry.npmjs.org/@reach/utils/-/utils-0.17.0.tgz"
  integrity sha512-M5y8fCBbrWeIsxedgcSw6oDlAMQDkl5uv3VnMVJ7guwpf4E48Xlh1v66z/1BgN/WYe2y8mB/ilFD2nysEfdGeA==
  dependencies:
    tiny-warning "^1.0.3"
    tslib "^2.3.0"

"@swc/helpers@0.4.11":
  version "0.4.11"
  resolved "https://registry.npmjs.org/@swc/helpers/-/helpers-0.4.11.tgz"
  integrity sha512-rEUrBSGIoSFuYxwBYtlUFMlE2CwGhmW+w9355/5oduSw8e5h2+Tj4UrAGNNgP9915++wj5vkQo0UuOBqOAq4nw==
  dependencies:
    tslib "^2.4.0"

"@types/esrever@^0.2.0":
  version "0.2.1"
  resolved "https://registry.npmjs.org/@types/esrever/-/esrever-0.2.1.tgz"
  integrity sha512-vRLFhQxGVkyUF7opxv66MQHoRSOBkbbitj1OGd6My4XR6HwCorUZxSiJejF3s4OxmEFTjfRRGwm6GUhuQETP6Q==

"@types/is-hotkey@^0.1.1":
  version "0.1.7"
  resolved "https://registry.npmjs.org/@types/is-hotkey/-/is-hotkey-0.1.7.tgz"
  integrity sha512-yB5C7zcOM7idwYZZ1wKQ3pTfjA9BbvFqRWvKB46GFddxnJtHwi/b9y84ykQtxQPg5qhdpg4Q/kWU3EGoCTmLzQ==

"@types/lodash@^4.14.149":
  version "4.14.179"
  resolved "https://registry.npmjs.org/@types/lodash/-/lodash-4.14.179.tgz"
  integrity sha512-uwc1x90yCKqGcIOAT6DwOSuxnrAbpkdPsUOZtwrXb4D/6wZs+6qG7QnIawDuZWg0sWpxl+ltIKCaLoMlna678w==

"@types/node@^17.0.21":
  version "17.0.21"
  resolved "https://registry.npmjs.org/@types/node/-/node-17.0.21.tgz"
  integrity sha512-DBZCJbhII3r90XbQxI8Y9IjjiiOGlZ0Hr32omXIZvwwZ7p4DMMXGrKXVyPfuoBOri9XNtL0UK69jYIBIsRX3QQ==

"@types/prop-types@*":
  version "15.7.4"
  resolved "https://registry.npmjs.org/@types/prop-types/-/prop-types-15.7.4.tgz"
  integrity sha512-rZ5drC/jWjrArrS8BR6SIr4cWpW09RNTYt9AMZo3Jwwif+iacXAqgVjm0B0Bv/S1jhDXKHqRVNCbACkJ89RAnQ==

"@types/react@^16.8.0 || ^17.0.0 || ^18.0.0", "@types/react@^16.9.0 || ^17.0.0 || ^18.0.0", "@types/react@^17.0.40":
  version "17.0.40"
  resolved "https://registry.npmjs.org/@types/react/-/react-17.0.40.tgz"
  integrity sha512-UrXhD/JyLH+W70nNSufXqMZNuUD2cXHu6UjCllC6pmOQgBX4SGXOH8fjRka0O0Ee0HrFxapDD8Bwn81Kmiz6jQ==
  dependencies:
    "@types/prop-types" "*"
    "@types/scheduler" "*"
    csstype "^3.0.2"

"@types/scheduler@*":
  version "0.16.2"
  resolved "https://registry.npmjs.org/@types/scheduler/-/scheduler-0.16.2.tgz"
  integrity sha512-hppQEBDmlwhFAXKJX2KnWLYu5yMfi91yazPb2l+lbJiwW+wdo1gNeRA+3RgNSO39WYX2euey41KEwnqesU2Jew==

available-typed-arrays@^1.0.7:
  version "1.0.7"
  resolved "https://registry.npmjs.org/available-typed-arrays/-/available-typed-arrays-1.0.7.tgz"
  integrity sha512-wvUjBtSGN7+7SjNpq/9M2Tg350UZD3q62IFZLbRAR1bSMlCo1ZaeW+BJ+D090e4hIIZLBcTDWe4Mh4jvUDajzQ==
  dependencies:
    possible-typed-array-names "^1.0.0"

aws-sdk@^2.1372.0:
  version "2.1691.0"
  resolved "https://registry.npmjs.org/aws-sdk/-/aws-sdk-2.1691.0.tgz"
  integrity sha512-/F2YC+DlsY3UBM2Bdnh5RLHOPNibS/+IcjUuhP8XuctyrN+MlL+fWDAiela32LTDk7hMy4rx8MTgvbJ+0blO5g==
  dependencies:
    buffer "4.9.2"
    events "1.1.1"
    ieee754 "1.1.13"
    jmespath "0.16.0"
    querystring "0.2.0"
    sax "1.2.1"
    url "0.10.3"
    util "^0.12.4"
    uuid "8.0.0"
    xml2js "0.6.2"

base64-js@^1.0.2:
  version "1.5.1"
  resolved "https://registry.npmjs.org/base64-js/-/base64-js-1.5.1.tgz"
  integrity sha512-AKpaYlHn8t4SVbOHCy+b5+KKgvR4vrsD8vbvrbiQJps7fKDTkjkDry6ji0rUJjC0kzbNePLwzxq8iypo41qeWA==

buffer@4.9.2:
  version "4.9.2"
  resolved "https://registry.npmjs.org/buffer/-/buffer-4.9.2.tgz"
  integrity sha512-xq+q3SRMOxGivLhBNaUdC64hDTQwejJ+H0T/NB1XMtTVEwNTrfFF3gAxiyW0Bu/xWEGhjVKgUcMhCrUy2+uCWg==
  dependencies:
    base64-js "^1.0.2"
    ieee754 "^1.1.4"
    isarray "^1.0.0"

call-bind@^1.0.2, call-bind@^1.0.7:
  version "1.0.7"
  resolved "https://registry.npmjs.org/call-bind/-/call-bind-1.0.7.tgz"
  integrity sha512-GHTSNSYICQ7scH7sZ+M2rFopRoLh8t2bLSW6BbgrtLsahOIB5iyAVJf9GjWK3cYTDaMj4XdBpM1cA6pIS0Kv2w==
  dependencies:
    es-define-property "^1.0.0"
    es-errors "^1.3.0"
    function-bind "^1.1.2"
    get-intrinsic "^1.2.4"
    set-function-length "^1.2.1"

caniuse-lite@^1.0.30001406:
  version "1.0.30001663"
  resolved "https://registry.npmjs.org/caniuse-lite/-/caniuse-lite-1.0.30001663.tgz"
  integrity sha512-o9C3X27GLKbLeTYZ6HBOLU1tsAcBZsLis28wrVzddShCS16RujjHp9GDHKZqrB3meE0YjhawvMFsGb/igqiPzA==

compute-scroll-into-view@^1.0.17:
  version "1.0.17"
  resolved "https://registry.npmjs.org/compute-scroll-into-view/-/compute-scroll-into-view-1.0.17.tgz"
  integrity sha512-j4dx+Fb0URmzbwwMUrhqWM2BEWHdFGx+qZ9qqASHRPqvTYdqvWnHg0H1hIbcyLnvgnoNAVMlwkepyqM3DaIFUg==

copy-to-clipboard@^3.3.3:
  version "3.3.3"
  resolved "https://registry.npmjs.org/copy-to-clipboard/-/copy-to-clipboard-3.3.3.tgz"
  integrity sha512-2KV8NhB5JqC3ky0r9PMCAZKbUHSwtEo4CwCs0KXgruG43gX5PMqDEBbVU4OUzw2MuAWUfsuFmWvEKG5QRfSnJA==
  dependencies:
    toggle-selection "^1.0.6"

csstype@^3.0.2:
  version "3.0.11"
  resolved "https://registry.npmjs.org/csstype/-/csstype-3.0.11.tgz"
  integrity sha512-sa6P2wJ+CAbgyy4KFssIb/JNMLxFvKF1pCYCSXS8ZMuqZnMsrxqI2E5sPyoTpxoPU/gVZMzr2zjOfg8GIZOMsw==

define-data-property@^1.1.4:
  version "1.1.4"
  resolved "https://registry.npmjs.org/define-data-property/-/define-data-property-1.1.4.tgz"
  integrity sha512-rBMvIzlpA8v6E+SJZoo++HAYqsLrkg7MSfIinMPFhmkorw7X+dOXVJQs+QT69zGkzMyfDnIMN2Wid1+NbL3T+A==
  dependencies:
    es-define-property "^1.0.0"
    es-errors "^1.3.0"
    gopd "^1.0.1"

detect-node-es@^1.1.0:
  version "1.1.0"
  resolved "https://registry.npmjs.org/detect-node-es/-/detect-node-es-1.1.0.tgz"
  integrity sha512-ypdmJU/TbBby2Dxibuv7ZLW3Bs1QEmM7nHjEANfohJLvE0XVujisn1qPJcZxg+qDucsr+bP6fLD1rPS3AhJ7EQ==

direction@^1.0.3:
  version "1.0.4"
  resolved "https://registry.npmjs.org/direction/-/direction-1.0.4.tgz"
  integrity sha512-GYqKi1aH7PJXxdhTeZBFrg8vUBeKXi+cNprXsC1kpJcbcVnV9wBsrOu1cQEdG0WeQwlfHiy3XvnKfIrJ2R0NzQ==

es-define-property@^1.0.0:
  version "1.0.0"
  resolved "https://registry.npmjs.org/es-define-property/-/es-define-property-1.0.0.tgz"
  integrity sha512-jxayLKShrEqqzJ0eumQbVhTYQM27CfT1T35+gCgDFoL82JLsXqTJ76zv6A0YLOgEnLUMvLzsDsGIrl8NFpT2gQ==
  dependencies:
    get-intrinsic "^1.2.4"

es-errors@^1.3.0:
  version "1.3.0"
  resolved "https://registry.npmjs.org/es-errors/-/es-errors-1.3.0.tgz"
  integrity sha512-Zf5H2Kxt2xjTvbJvP2ZWLEICxA6j+hAmMzIlypy4xcBg1vKVnx89Wy0GbS+kf5cwCVFFzdCFh2XSCFNULS6csw==

esrever@^0.2.0:
  version "0.2.0"
  resolved "https://registry.npmjs.org/esrever/-/esrever-0.2.0.tgz"
  integrity sha1-lunSj08bGnZ4TNXUkOquAQ50B7g= sha512-1e9YJt6yQkyekt2BUjTky7LZWWVyC2cIpgdnsTAvMcnzXIZvlW/fTMPkxBcZoYhgih4d+EC+iw+yv9GIkz7vrw==

events@1.1.1:
  version "1.1.1"
  resolved "https://registry.npmjs.org/events/-/events-1.1.1.tgz"
  integrity sha1-nr23Y1rQmccNzEwqH1AEKI6L2SQ= sha512-kEcvvCBByWXGnZy6JUlgAp2gBIUjfCAV6P6TgT1/aaQKcmuAEC4OZTV1I4EWQLz2gxZw76atuVyvHhTxvi0Flw==

focus-lock@^1.3.5:
  version "1.3.5"
  resolved "https://registry.npmjs.org/focus-lock/-/focus-lock-1.3.5.tgz"
  integrity sha512-QFaHbhv9WPUeLYBDe/PAuLKJ4Dd9OPvKs9xZBr3yLXnUrDNaVXKu2baDBXe3naPY30hgHYSsf2JW4jzas2mDEQ==
  dependencies:
    tslib "^2.0.3"

for-each@^0.3.3:
  version "0.3.3"
  resolved "https://registry.npmjs.org/for-each/-/for-each-0.3.3.tgz"
  integrity sha512-jqYfLp7mo9vIyQf8ykW2v7A+2N4QjeCeI5+Dz9XraiO1ign81wjiH7Fb9vSOWvQfNtmSa4H2RoQTrrXivdUZmw==
  dependencies:
    is-callable "^1.1.3"

function-bind@^1.1.2:
  version "1.1.2"
  resolved "https://registry.npmjs.org/function-bind/-/function-bind-1.1.2.tgz"
  integrity sha512-7XHNxH7qX9xG5mIwxkhumTox/MIRNcOgDrxWsMt2pAr23WHp6MrRlN7FBSFpCpr+oVO0F744iUgR82nJMfG2SA==

get-intrinsic@^1.1.3, get-intrinsic@^1.2.4:
  version "1.2.4"
  resolved "https://registry.npmjs.org/get-intrinsic/-/get-intrinsic-1.2.4.tgz"
  integrity sha512-5uYhsJH8VJBTv7oslg4BznJYhDoRI6waYCxMmCdnTrcCrHA/fCFKoTFz2JKKE0HdDFUF7/oQuhzumXJK7paBRQ==
  dependencies:
    es-errors "^1.3.0"
    function-bind "^1.1.2"
    has-proto "^1.0.1"
    has-symbols "^1.0.3"
    hasown "^2.0.0"

get-nonce@^1.0.0:
  version "1.0.1"
  resolved "https://registry.npmjs.org/get-nonce/-/get-nonce-1.0.1.tgz"
  integrity sha512-FJhYRoDaiatfEkUK8HKlicmu/3SGFD51q3itKDGoSTysQJBnfOcxU5GxnhE1E6soB76MbT0MBtnKJuXyAx+96Q==

gopd@^1.0.1:
  version "1.0.1"
  resolved "https://registry.npmjs.org/gopd/-/gopd-1.0.1.tgz"
  integrity sha512-d65bNlIadxvpb/A2abVdlqKqV563juRnZ1Wtk6s1sIR8uNsXR70xqIzVqxVf1eTqDunwT2MkczEeaezCKTZhwA==
  dependencies:
    get-intrinsic "^1.1.3"

has-property-descriptors@^1.0.2:
  version "1.0.2"
  resolved "https://registry.npmjs.org/has-property-descriptors/-/has-property-descriptors-1.0.2.tgz"
  integrity sha512-55JNKuIW+vq4Ke1BjOTjM2YctQIvCT7GFzHwmfZPGo5wnrgkid0YQtnAleFSqumZm4az3n2BS+erby5ipJdgrg==
  dependencies:
    es-define-property "^1.0.0"

has-proto@^1.0.1:
  version "1.0.3"
  resolved "https://registry.npmjs.org/has-proto/-/has-proto-1.0.3.tgz"
  integrity sha512-SJ1amZAJUiZS+PhsVLf5tGydlaVB8EdFpaSO4gmiUKUOxk8qzn5AIy4ZeJUmh22znIdk/uMAUT2pl3FxzVUH+Q==

has-symbols@^1.0.3:
  version "1.0.3"
  resolved "https://registry.npmjs.org/has-symbols/-/has-symbols-1.0.3.tgz"
  integrity sha512-l3LCuF6MgDNwTDKkdYGEihYjt5pRPbEg46rtlmnSPlUbgmB8LOIrKJbYYFBSbnPaJexMKtiPO8hmeRjRz2Td+A==

has-tostringtag@^1.0.0, has-tostringtag@^1.0.2:
  version "1.0.2"
  resolved "https://registry.npmjs.org/has-tostringtag/-/has-tostringtag-1.0.2.tgz"
  integrity sha512-NqADB8VjPFLM2V0VvHUewwwsw0ZWBaIdgo+ieHtK3hasLz4qeCRjYcqfB6AQrBggRKppKF8L52/VqdVsO47Dlw==
  dependencies:
    has-symbols "^1.0.3"

hasown@^2.0.0:
  version "2.0.2"
  resolved "https://registry.npmjs.org/hasown/-/hasown-2.0.2.tgz"
  integrity sha512-0hJU9SCPvmMzIBdZFqNPXWa6dqh7WdH0cII9y+CyS8rG3nL48Bclra9HmKhVVUHyPWNH5Y7xDwAB7bfgSjkUMQ==
  dependencies:
    function-bind "^1.1.2"

ieee754@^1.1.4, ieee754@1.1.13:
  version "1.1.13"
  resolved "https://registry.npmjs.org/ieee754/-/ieee754-1.1.13.tgz"
  integrity sha512-4vf7I2LYV/HaWerSo3XmlMkp5eZ83i+/CDluXi/IGTs/O1sejBNhTtnxzmRZfvOUqj7lZjqHkeTvpgSFDlWZTg==

immer@^5.0.0:
  version "5.3.6"
  resolved "https://registry.npmjs.org/immer/-/immer-5.3.6.tgz"
  integrity sha512-pqWQ6ozVfNOUDjrLfm4Pt7q4Q12cGw2HUZgry4Q5+Myxu9nmHRkWBpI0J4+MK0AxbdFtdMTwEGVl7Vd+vEiK+A==

inherits@^2.0.3:
  version "2.0.4"
  resolved "https://registry.npmjs.org/inherits/-/inherits-2.0.4.tgz"
  integrity sha512-k/vGaX4/Yla3WzyMCvTQOXYeIHvqOKtnqBduzTHpzpQZzAskKMhZ2K+EnBiSM9zGSoIFeMpXKxa4dYeZIQqewQ==

invariant@^2.2.4:
  version "2.2.4"
  resolved "https://registry.npmjs.org/invariant/-/invariant-2.2.4.tgz"
  integrity sha512-phJfQVBuaJM5raOpJjSfkiD6BpbCE4Ns//LaXl6wGYtUBY83nWS6Rf9tXm2e8VaK60JEjYldbPif/A2B1C2gNA==
  dependencies:
    loose-envify "^1.0.0"

is-arguments@^1.0.4:
  version "1.1.1"
  resolved "https://registry.npmjs.org/is-arguments/-/is-arguments-1.1.1.tgz"
  integrity sha512-8Q7EARjzEnKpt/PCD7e1cgUS0a6X8u5tdSiMqXhojOdoV9TsMsiO+9VLC5vAmO8N7/GmXn7yjR8qnA6bVAEzfA==
  dependencies:
    call-bind "^1.0.2"
    has-tostringtag "^1.0.0"

is-callable@^1.1.3:
  version "1.2.7"
  resolved "https://registry.npmjs.org/is-callable/-/is-callable-1.2.7.tgz"
  integrity sha512-1BC0BVFhS/p0qtw6enp8e+8OD0UrK0oFLztSjNzhcKA3WDuJxxAPXzPuPtKkjEY9UUoEWlX/8fgKeu2S8i9JTA==

is-generator-function@^1.0.7:
  version "1.0.10"
  resolved "https://registry.npmjs.org/is-generator-function/-/is-generator-function-1.0.10.tgz"
  integrity sha512-jsEjy9l3yiXEQ+PsXdmBwEPcOxaXWLspKdplFUVI9vq1iZgIekeC0L167qeu86czQaxed3q/Uzuw0swL0irL8A==
  dependencies:
    has-tostringtag "^1.0.0"

is-hotkey@^0.1.6:
  version "0.1.8"
  resolved "https://registry.npmjs.org/is-hotkey/-/is-hotkey-0.1.8.tgz"
  integrity sha512-qs3NZ1INIS+H+yeo7cD9pDfwYV/jqRh1JG9S9zYrNudkoUQg7OL7ziXqRKu+InFjUIDoP2o6HIkLYMh1pcWgyQ==

is-plain-object@^3.0.0:
  version "3.0.1"
  resolved "https://registry.npmjs.org/is-plain-object/-/is-plain-object-3.0.1.tgz"
  integrity sha512-Xnpx182SBMrr/aBik8y+GuR4U1L9FqMSojwDQwPMmxyC6bvEqly9UBCxhauBF5vNh2gwWJNX6oDV7O+OM4z34g==

is-typed-array@^1.1.3:
  version "1.1.13"
  resolved "https://registry.npmjs.org/is-typed-array/-/is-typed-array-1.1.13.tgz"
  integrity sha512-uZ25/bUAlUY5fR4OKT4rZQEBrzQWYV9ZJYGGsUmEJ6thodVJ1HX64ePQ6Z0qPWP+m+Uq6e9UugrE38jeYsDSMw==
  dependencies:
    which-typed-array "^1.1.14"

isarray@^1.0.0:
  version "1.0.0"
  resolved "https://registry.npmjs.org/isarray/-/isarray-1.0.0.tgz"
  integrity sha1-u5NdSFgsuhaMBoNJV6VKPgcSTxE= sha512-VLghIWNM6ELQzo7zwmcg0NmTVyWKYjvIeM83yjp0wRDTmUnrM678fQbcKBo6n2CJEF0szoG//ytg+TKla89ALQ==

jmespath@0.16.0:
  version "0.16.0"
  resolved "https://registry.npmjs.org/jmespath/-/jmespath-0.16.0.tgz"
  integrity sha512-9FzQjJ7MATs1tSpnco1K6ayiYE3figslrXA72G2HQ/n76RzvYlofyi5QM+iX4YRs/pu3yzxlVQSST23+dMDknw==

"js-tokens@^3.0.0 || ^4.0.0":
  version "4.0.0"
  resolved "https://registry.npmjs.org/js-tokens/-/js-tokens-4.0.0.tgz"
  integrity sha512-RdJUflcE3cUzKiMqQgsCu06FPu9UdIJO0beYbPhHN4k6apgJtifcoCtT9bcxOpYBtpD2kCM6Sbzg4CausW/PKQ==

lodash@^4.17.4:
  version "4.17.21"
  resolved "https://registry.npmjs.org/lodash/-/lodash-4.17.21.tgz"
  integrity sha512-v2kDEe57lecTulaDIuNTPy3Ry4gLGJ6Z1O3vE1krgXZNrsQ+LFTGHVxVjcXPs17LhbZVGedAJv8XZ1tvj5FvSg==

loose-envify@^1.0.0, loose-envify@^1.1.0, loose-envify@^1.4.0:
  version "1.4.0"
  resolved "https://registry.npmjs.org/loose-envify/-/loose-envify-1.4.0.tgz"
  integrity sha512-lyuxPGr/Wfhrlem2CL/UcnUc1zcqKAImBDzukY7Y5F/yQiNdko6+fRLevlw1HgMySw7f611UIY408EtxRSoK3Q==
  dependencies:
    js-tokens "^3.0.0 || ^4.0.0"

nanoid@^3.3.4:
  version "3.3.7"
  resolved "https://registry.npmjs.org/nanoid/-/nanoid-3.3.7.tgz"
  integrity sha512-eSRppjcPIatRIMC1U6UngP8XFcz8MQWGQdt1MTBQ7NaAmvXDfvNxbvWV3x2y6CdEUciCSsDHDQZbhYaB8QEo2g==

nanoid@^4.0.0:
  version "4.0.2"
  resolved "https://registry.npmjs.org/nanoid/-/nanoid-4.0.2.tgz"
  integrity sha512-7ZtY5KTCNheRGfEFxnedV5zFiORN1+Y1N6zvPTnHQd8ENUvfaDBeuJDZb2bN/oXwXxu3qkTXDzy57W5vAmDTBw==

next@^12.3.1:
  version "12.3.4"
  resolved "https://registry.npmjs.org/next/-/next-12.3.4.tgz"
  integrity sha512-VcyMJUtLZBGzLKo3oMxrEF0stxh8HwuW976pAzlHhI3t8qJ4SROjCrSh1T24bhrbjw55wfZXAbXPGwPt5FLRfQ==
  dependencies:
    "@next/env" "12.3.4"
    "@swc/helpers" "0.4.11"
    caniuse-lite "^1.0.30001406"
    postcss "8.4.14"
    styled-jsx "5.0.7"
    use-sync-external-store "1.2.0"
  optionalDependencies:
    "@next/swc-android-arm-eabi" "12.3.4"
    "@next/swc-android-arm64" "12.3.4"
    "@next/swc-darwin-arm64" "12.3.4"
    "@next/swc-darwin-x64" "12.3.4"
    "@next/swc-freebsd-x64" "12.3.4"
    "@next/swc-linux-arm-gnueabihf" "12.3.4"
    "@next/swc-linux-arm64-gnu" "12.3.4"
    "@next/swc-linux-arm64-musl" "12.3.4"
    "@next/swc-linux-x64-gnu" "12.3.4"
    "@next/swc-linux-x64-musl" "12.3.4"
    "@next/swc-win32-arm64-msvc" "12.3.4"
    "@next/swc-win32-ia32-msvc" "12.3.4"
    "@next/swc-win32-x64-msvc" "12.3.4"

object-assign@^4.1.1:
  version "4.1.1"
  resolved "https://registry.npmjs.org/object-assign/-/object-assign-4.1.1.tgz"
  integrity sha1-IQmtx5ZYh8/AXLvUQsrIv7s2CGM= sha512-rJgTQnkUnH1sFw8yT6VSU3zD3sWmu6sZhIseY8VX+GRu3P6F7Fu+JNDoXfklElbLJSnc3FUQHVe4cU5hj+BcUg==

picocolors@^1.0.0:
  version "1.0.0"
  resolved "https://registry.npmjs.org/picocolors/-/picocolors-1.0.0.tgz"
  integrity sha512-1fygroTLlHu66zi26VoTDv8yRgm0Fccecssto+MhsZ0D/DGW2sm8E8AjW7NU5VVTRt5GxbeZ5qBuJr+HyLYkjQ==

possible-typed-array-names@^1.0.0:
  version "1.0.0"
  resolved "https://registry.npmjs.org/possible-typed-array-names/-/possible-typed-array-names-1.0.0.tgz"
  integrity sha512-d7Uw+eZoloe0EHDIYoe+bQ5WXnGMOpmiZFTuMWCwpjzzkL2nTjcKiAk4hh8TjnGye2TwWOk3UXucZ+3rbmBa8Q==

postcss@8.4.14:
  version "8.4.14"
  resolved "https://registry.npmjs.org/postcss/-/postcss-8.4.14.tgz"
  integrity sha512-E398TUmfAYFPBSdzgeieK2Y1+1cpdxJx8yXbK/m57nRhKSmk1GB2tO4lbLBtlkfPQTDKfe4Xqv1ASWPpayPEig==
  dependencies:
    nanoid "^3.3.4"
    picocolors "^1.0.0"
    source-map-js "^1.0.2"

prop-types@^15.6.2, prop-types@^15.7.2:
  version "15.8.1"
  resolved "https://registry.npmjs.org/prop-types/-/prop-types-15.8.1.tgz"
  integrity sha512-oj87CgZICdulUohogVAR7AjlC0327U4el4L6eAvOqCeudMDVU0NThNaV+b9Df4dXgSP1gXMTnPdhfe/2qDH5cg==
  dependencies:
    loose-envify "^1.4.0"
    object-assign "^4.1.1"
    react-is "^16.13.1"

punycode@1.3.2:
  version "1.3.2"
  resolved "https://registry.npmjs.org/punycode/-/punycode-1.3.2.tgz"
  integrity sha1-llOgNvt8HuQjQvIyXM7v6jkmxI0= sha512-RofWgt/7fL5wP1Y7fxE7/EmTLzQVnB0ycyibJ0OOHIlJqTNzglYFxVwETOcIoJqJmpDXJ9xImDv+Fq34F/d4Dw==

querystring@0.2.0:
  version "0.2.0"
  resolved "https://registry.npmjs.org/querystring/-/querystring-0.2.0.tgz"
  integrity sha1-sgmEkgO7Jd+CDadW50cAWHhSFiA= sha512-X/xY82scca2tau62i9mDyU9K+I+djTMUsvwf7xnUX5GLvVzgJybOJf4Y6o9Zx3oJK/LSXg5tTZBjwzqVPaPO2g==

react-clientside-effect@^1.2.6:
  version "1.2.6"
  resolved "https://registry.npmjs.org/react-clientside-effect/-/react-clientside-effect-1.2.6.tgz"
  integrity sha512-XGGGRQAKY+q25Lz9a/4EPqom7WRjz3z9R2k4jhVKA/puQFH/5Nt27vFZYql4m4NVNdUvX8PS3O7r/Zzm7cjUlg==
  dependencies:
    "@babel/runtime" "^7.12.13"

"react-dom@^16.8.0 || 17.x", "react-dom@^17.0.2 || ^18.0.0-0", react-dom@>=16.8.0, react-dom@17.0.2:
  version "17.0.2"
  resolved "https://registry.npmjs.org/react-dom/-/react-dom-17.0.2.tgz"
  integrity sha512-s4h96KtLDUQlsENhMn1ar8t2bEa+q/YAtj8pPPdIjPDGBDIVNsrD9aXNWqspUe6AzKCIG0C1HZZLqLV7qpOBGA==
  dependencies:
    loose-envify "^1.1.0"
    object-assign "^4.1.1"
    scheduler "^0.20.2"

react-focus-lock@^2.5.2:
  version "2.13.2"
  resolved "https://registry.npmjs.org/react-focus-lock/-/react-focus-lock-2.13.2.tgz"
  integrity sha512-T/7bsofxYqnod2xadvuwjGKHOoL5GH7/EIPI5UyEvaU/c2CcphvGI371opFtuY/SYdbMsNiuF4HsHQ50nA/TKQ==
  dependencies:
    "@babel/runtime" "^7.0.0"
    focus-lock "^1.3.5"
    prop-types "^15.6.2"
    react-clientside-effect "^1.2.6"
    use-callback-ref "^1.3.2"
    use-sidecar "^1.1.2"

react-is@^16.13.1:
  version "16.13.1"
  resolved "https://registry.npmjs.org/react-is/-/react-is-16.13.1.tgz"
  integrity sha512-24e6ynE2H+OKt4kqsOvNd8kBpV65zoxbA4BVsEOB3ARVWQki/DHzaUoC5KuON/BiccDaCCTZBuOcfZs70kR8bQ==

react-remove-scroll-bar@^2.3.6:
  version "2.3.6"
  resolved "https://registry.npmjs.org/react-remove-scroll-bar/-/react-remove-scroll-bar-2.3.6.tgz"
  integrity sha512-DtSYaao4mBmX+HDo5YWYdBWQwYIQQshUV/dVxFxK+KM26Wjwp1gZ6rv6OC3oujI6Bfu6Xyg3TwK533AQutsn/g==
  dependencies:
    react-style-singleton "^2.2.1"
    tslib "^2.0.0"

react-remove-scroll@^2.4.3:
  version "2.6.0"
  resolved "https://registry.npmjs.org/react-remove-scroll/-/react-remove-scroll-2.6.0.tgz"
  integrity sha512-I2U4JVEsQenxDAKaVa3VZ/JeJZe0/2DxPWL8Tj8yLKctQJQiZM52pn/GWFpSp8dftjM3pSAHVJZscAnC/y+ySQ==
  dependencies:
    react-remove-scroll-bar "^2.3.6"
    react-style-singleton "^2.2.1"
    tslib "^2.1.0"
    use-callback-ref "^1.3.0"
    use-sidecar "^1.1.2"

react-style-singleton@^2.2.1:
  version "2.2.1"
  resolved "https://registry.npmjs.org/react-style-singleton/-/react-style-singleton-2.2.1.tgz"
  integrity sha512-ZWj0fHEMyWkHzKYUr2Bs/4zU6XLmq9HsgBURm7g5pAVfyn49DgUiNgY2d4lXRlYSiCif9YBGpQleewkcqddc7g==
  dependencies:
    get-nonce "^1.0.0"
    invariant "^2.2.4"
    tslib "^2.0.0"

"react@^15.3.0 || ^16.0.0 || ^17.0.0 || ^18.0.0", "react@^16.8.0 || ^17.0.0 || ^18.0.0", "react@^16.8.0 || 17.x", "react@^17.0.2 || ^18.0.0-0", "react@>= 16.8.0 || 17.x.x || ^18.0.0-0", react@>=16.8.0, react@17.0.2:
  version "17.0.2"
  resolved "https://registry.npmjs.org/react/-/react-17.0.2.tgz"
  integrity sha512-gnhPt75i/dq/z3/6q/0asP78D0u592D5L1pd7M8P+dck6Fu/jJeL6iVVK23fptSUZj8Vjf++7wXA8UNclGQcbA==
  dependencies:
    loose-envify "^1.1.0"
    object-assign "^4.1.1"

regenerator-runtime@^0.13.4:
  version "0.13.9"
  resolved "https://registry.npmjs.org/regenerator-runtime/-/regenerator-runtime-0.13.9.tgz"
  integrity sha512-p3VT+cOEgxFsRRA9X4lkI1E+k2/CtnKtU4gcxyaCUreilL/vqI6CdZ3wxVUx3UOUg+gnUOQQcRI7BmSI656MYA==

sax@>=0.6.0, sax@1.2.1:
  version "1.2.1"
  resolved "https://registry.npmjs.org/sax/-/sax-1.2.1.tgz"
  integrity sha1-e45lYZCyKOgaZq6nSEgNgozS03o= sha512-8I2a3LovHTOpm7NV5yOyO8IHqgVsfK4+UuySrXU8YXkSRX7k6hCV9b3HrkKCr3nMpgj+0bmocaJJWpvp1oc7ZA==

scheduler@^0.20.2:
  version "0.20.2"
  resolved "https://registry.npmjs.org/scheduler/-/scheduler-0.20.2.tgz"
  integrity sha512-2eWfGgAqqWFGqtdMmcL5zCMK1U8KlXv8SQFGglL3CEtd0aDVDWgeF/YoCmvln55m5zSk3J/20hTaSBeSObsQDQ==
  dependencies:
    loose-envify "^1.1.0"
    object-assign "^4.1.1"

scroll-into-view-if-needed@^2.2.20:
  version "2.2.29"
  resolved "https://registry.npmjs.org/scroll-into-view-if-needed/-/scroll-into-view-if-needed-2.2.29.tgz"
  integrity sha512-hxpAR6AN+Gh53AdAimHM6C8oTN1ppwVZITihix+WqalywBeFcQ6LdQP5ABNl26nX8GTEL7VT+b8lKpdqq65wXg==
  dependencies:
    compute-scroll-into-view "^1.0.17"

set-function-length@^1.2.1:
  version "1.2.2"
  resolved "https://registry.npmjs.org/set-function-length/-/set-function-length-1.2.2.tgz"
  integrity sha512-pgRc4hJ4/sNjWCSS9AmnS40x3bNMDTknHgL5UaMBTMyJnU90EgWh1Rz+MC9eFu4BuN/UwZjKQuY/1v3rM7HMfg==
  dependencies:
    define-data-property "^1.1.4"
    es-errors "^1.3.0"
    function-bind "^1.1.2"
    get-intrinsic "^1.2.4"
    gopd "^1.0.1"
    has-property-descriptors "^1.0.2"

slate-history@^0.57.1:
  version "0.57.3"
  resolved "https://registry.npmjs.org/slate-history/-/slate-history-0.57.3.tgz"
  integrity sha512-8vqjLWAsX79117uhfMPqDPXgi7QnFXSZjjSJotzhMRnuqYUw9RneWf/VGVKmsJXZ8JliaQ+QFYEd3EctvmDOlQ==
  dependencies:
    immer "^5.0.0"
    is-plain-object "^3.0.0"

slate-react@^0.57.1:
  version "0.57.3"
  resolved "https://registry.npmjs.org/slate-react/-/slate-react-0.57.3.tgz"
  integrity sha512-UOodnOD5P3XnTB3iztTyum3PVLwhpiwqc3So6PlHVr2pIm5Pjf4IfHCNAuP+/xMB2tOunSQR3bBXNPz34k6pWg==
  dependencies:
    "@types/is-hotkey" "^0.1.1"
    "@types/lodash" "^4.14.149"
    direction "^1.0.3"
    is-hotkey "^0.1.6"
    is-plain-object "^3.0.0"
    lodash "^4.17.4"
    scroll-into-view-if-needed "^2.2.20"

slate@^0.57.1, slate@>=0.55.0:
  version "0.57.3"
  resolved "https://registry.npmjs.org/slate/-/slate-0.57.3.tgz"
  integrity sha512-GQrqxtojEhsA4q/ae6T25wv89VI1eqkFx3r1LyoQ1DkfFPgu5oE7wGCb9TAGTNPgTenTDGLHW5HqUQ1WMF8LIw==
  dependencies:
    "@types/esrever" "^0.2.0"
    esrever "^0.2.0"
    immer "^5.0.0"
    is-plain-object "^3.0.0"
    tiny-warning "^1.0.3"

source-map-js@^1.0.2:
  version "1.2.1"
  resolved "https://registry.npmjs.org/source-map-js/-/source-map-js-1.2.1.tgz"
  integrity sha512-UXWMKhLOwVKb728IUtQPXxfYU+usdybtUrK/8uGE8CQMvrhOpwvzDBwj0QhSL7MQc7vIsISBG8VQ8+IDQxpfQA==

styled-jsx@5.0.7:
  version "5.0.7"
  resolved "https://registry.npmjs.org/styled-jsx/-/styled-jsx-5.0.7.tgz"
  integrity sha512-b3sUzamS086YLRuvnaDigdAewz1/EFYlHpYBP5mZovKEdQQOIIYq8lApylub3HHZ6xFjV051kkGU7cudJmrXEA==

tiny-warning@^1.0.3:
  version "1.0.3"
  resolved "https://registry.npmjs.org/tiny-warning/-/tiny-warning-1.0.3.tgz"
  integrity sha512-lBN9zLN/oAf68o3zNXYrdCt1kP8WsiGW8Oo2ka41b2IM5JL/S1CTyX1rW0mb/zSuJun0ZUrDxx4sqvYS2FWzPA==

toggle-selection@^1.0.6:
  version "1.0.6"
  resolved "https://registry.npmjs.org/toggle-selection/-/toggle-selection-1.0.6.tgz"
  integrity sha1-bkWxJj8gF/oKzH2J14sVuL932jI= sha512-BiZS+C1OS8g/q2RRbJmy59xpyghNBqrr6k5L/uKBGRsTfxmu3ffiRnd8mlGPUVayg8pvfi5urfnu8TU7DVOkLQ==

tslib@^2.0.0, tslib@^2.0.3, tslib@^2.1.0, tslib@^2.3.0, tslib@^2.4.0:
  version "2.7.0"
  resolved "https://registry.npmjs.org/tslib/-/tslib-2.7.0.tgz"
  integrity sha512-gLXCKdN1/j47AiHiOkJN69hJmcbGTHI0ImLmbYLHykhgeN0jVGola9yVjFgzCUklsZQMW55o+dW7IXv3RCXDzA==

typescript@^4.6.4:
  version "4.9.5"
  resolved "https://registry.npmjs.org/typescript/-/typescript-4.9.5.tgz"
  integrity sha512-1FXk9E2Hm+QzZQ7z+McJiHL4NW1F2EzMu9Nq9i3zAaGqibafqYwCVU6WyWAuyQRRzOlxou8xZSyXLEN8oKj24g==

url@0.10.3:
  version "0.10.3"
  resolved "https://registry.npmjs.org/url/-/url-0.10.3.tgz"
  integrity sha1-Ah5NnHcF8hu/N9A861h2dAJ3TGQ= sha512-hzSUW2q06EqL1gKM/a+obYHLIO6ct2hwPuviqTTOcfFVc61UbfJ2Q32+uGL/HCPxKqrdGB5QUwIe7UqlDgwsOQ==
  dependencies:
    punycode "1.3.2"
    querystring "0.2.0"

use-callback-ref@^1.3.0, use-callback-ref@^1.3.2:
  version "1.3.2"
  resolved "https://registry.npmjs.org/use-callback-ref/-/use-callback-ref-1.3.2.tgz"
  integrity sha512-elOQwe6Q8gqZgDA8mrh44qRTQqpIHDcZ3hXTLjBe1i4ph8XpNJnO+aQf3NaG+lriLopI4HMx9VjQLfPQ6vhnoA==
  dependencies:
    tslib "^2.0.0"

use-sidecar@^1.1.2:
  version "1.1.2"
  resolved "https://registry.npmjs.org/use-sidecar/-/use-sidecar-1.1.2.tgz"
  integrity sha512-epTbsLuzZ7lPClpz2TyryBfztm7m+28DlEv2ZCQ3MDr5ssiwyOwGH/e5F9CkfWjJ1t4clvI58yF822/GUkjjhw==
  dependencies:
    detect-node-es "^1.1.0"
    tslib "^2.0.0"

use-sync-external-store@1.2.0:
  version "1.2.0"
  resolved "https://registry.npmjs.org/use-sync-external-store/-/use-sync-external-store-1.2.0.tgz"
  integrity sha512-eEgnFxGQ1Ife9bzYs6VLi8/4X6CObHMw9Qr9tPY43iKwsPw8xE8+EFsf/2cFZ5S3esXgpWgtSCtLNS41F+sKPA==

util@^0.12.4:
  version "0.12.5"
  resolved "https://registry.npmjs.org/util/-/util-0.12.5.tgz"
  integrity sha512-kZf/K6hEIrWHI6XqOFUiiMa+79wE/D8Q+NCNAWclkyg3b4d2k7s0QGepNjiABc+aR3N1PAyHL7p6UcLY6LmrnA==
  dependencies:
    inherits "^2.0.3"
    is-arguments "^1.0.4"
    is-generator-function "^1.0.7"
    is-typed-array "^1.1.3"
    which-typed-array "^1.1.2"

uuid@8.0.0:
  version "8.0.0"
  resolved "https://registry.npmjs.org/uuid/-/uuid-8.0.0.tgz"
  integrity sha512-jOXGuXZAWdsTH7eZLtyXMqUb9EcWMGZNbL9YcGBJl4MH4nrxHmZJhEHvyLFrkxo+28uLb/NYRcStH48fnD0Vzw==

which-typed-array@^1.1.14, which-typed-array@^1.1.2:
  version "1.1.15"
  resolved "https://registry.npmjs.org/which-typed-array/-/which-typed-array-1.1.15.tgz"
  integrity sha512-oV0jmFtUky6CXfkqehVvBP/LSWJ2sy4vWMioiENyJLePrBO/yKyV9OyJySfAKosh+RYkIl5zJCNZ8/4JncrpdA==
  dependencies:
    available-typed-arrays "^1.0.7"
    call-bind "^1.0.7"
    for-each "^0.3.3"
    gopd "^1.0.1"
    has-tostringtag "^1.0.2"

xml2js@0.6.2:
  version "0.6.2"
  resolved "https://registry.npmjs.org/xml2js/-/xml2js-0.6.2.tgz"
  integrity sha512-T4rieHaC1EXcES0Kxxj4JWgaUQHDk+qwHcYOCFHfiwKz7tOVPLq7Hjq9dM1WCMhylqMEfP7hMcOIChvotiZegA==
  dependencies:
    sax ">=0.6.0"
    xmlbuilder "~11.0.0"

xmlbuilder@~11.0.0:
  version "11.0.1"
  resolved "https://registry.npmjs.org/xmlbuilder/-/xmlbuilder-11.0.1.tgz"
  integrity sha512-fDlsI/kFEx7gLvbecc0/ohLG50fugQp8ryHzMTuW9vSa1GJ0XYWKnhsUx7oie3G98+r56aTQIUB4kht42R3JvA==
